{
    "version": 3,
    "terraform_version": "0.11.5",
    "serial": 1,
    "lineage": "b33d86db-68a7-b1a3-9779-490ee4d343bd",
    "modules": [
        {
            "path": [
                "root"
            ],
            "outputs": {},
            "resources": {
                "aws_security_group.ForBalancer": {
                    "type": "aws_security_group",
                    "depends_on": [],
                    "primary": {
                        "id": "sg-00d663718bb73b4c7",
                        "attributes": {
                            "arn": "arn:aws:ec2:eu-west-1:593172035441:security-group/sg-00d663718bb73b4c7",
                            "description": "A security group that will apply to the balancer",
                            "egress.#": "0",
                            "id": "sg-00d663718bb73b4c7",
                            "ingress.#": "1",
                            "ingress.2214680975.cidr_blocks.#": "1",
                            "ingress.2214680975.cidr_blocks.0": "0.0.0.0/0",
                            "ingress.2214680975.description": "",
                            "ingress.2214680975.from_port": "80",
                            "ingress.2214680975.ipv6_cidr_blocks.#": "0",
                            "ingress.2214680975.protocol": "tcp",
                            "ingress.2214680975.security_groups.#": "0",
                            "ingress.2214680975.self": "false",
                            "ingress.2214680975.to_port": "80",
                            "name": "For_Balancer",
                            "owner_id": "593172035441",
                            "revoke_rules_on_delete": "false",
                            "tags.%": "0",
                            "vpc_id": "vpc-0561a8d3d39a5c629"
                        },
                        "meta": {
                            "e2bfb730-ecaa-11e6-8f88-34363bc7c4c0": {
                                "create": 600000000000,
                                "delete": 600000000000
                            },
                            "schema_version": "1"
                        },
                        "tainted": false
                    },
                    "deposed": [],
                    "provider": "provider.aws"
                }
            },
            "depends_on": []
        },
        {
            "path": [
                "root",
                "balancer1"
            ],
            "outputs": {},
            "resources": {
                "aws_elb.mybalancer": {
                    "type": "aws_elb",
                    "depends_on": [],
                    "primary": {
                        "id": "Balancer1",
                        "attributes": {
                            "access_logs.#": "0",
                            "arn": "arn:aws:elasticloadbalancing:eu-west-1:593172035441:loadbalancer/Balancer1",
                            "availability_zones.#": "1",
                            "availability_zones.94988580": "eu-west-1c",
                            "connection_draining": "false",
                            "connection_draining_timeout": "300",
                            "cross_zone_load_balancing": "true",
                            "dns_name": "Balancer1-535005327.eu-west-1.elb.amazonaws.com",
                            "health_check.#": "1",
                            "health_check.0.healthy_threshold": "10",
                            "health_check.0.interval": "30",
                            "health_check.0.target": "TCP:80",
                            "health_check.0.timeout": "5",
                            "health_check.0.unhealthy_threshold": "2",
                            "id": "Balancer1",
                            "idle_timeout": "60",
                            "instances.#": "0",
                            "internal": "false",
                            "listener.#": "1",
                            "listener.3057123346.instance_port": "80",
                            "listener.3057123346.instance_protocol": "http",
                            "listener.3057123346.lb_port": "80",
                            "listener.3057123346.lb_protocol": "http",
                            "listener.3057123346.ssl_certificate_id": "",
                            "name": "Balancer1",
                            "security_groups.#": "1",
                            "security_groups.1371982214": "sg-00d663718bb73b4c7",
                            "source_security_group": "593172035441/For_Balancer",
                            "source_security_group_id": "sg-00d663718bb73b4c7",
                            "subnets.#": "1",
                            "subnets.2768608324": "subnet-06004cf4c2101e422",
                            "tags.%": "0",
                            "zone_id": "Z32O12XQLNTSW2"
                        },
                        "meta": {},
                        "tainted": false
                    },
                    "deposed": [],
                    "provider": "provider.aws"
                }
            },
            "depends_on": []
        }
    ]
}
