{
    "version": 3,
    "terraform_version": "0.11.5",
    "serial": 9,
    "lineage": "7d0dbcd1-1ed2-c5be-9a0b-ab04f6fa4f53",
    "modules": [
        {
            "path": [
                "root"
            ],
            "outputs": {
                "id": {
                    "sensitive": false,
                    "type": "string",
                    "value": "i-0dbd5e1df81f94d62"
                },
                "security_group_id": {
                    "sensitive": false,
                    "type": "string",
                    "value": "sg-0dbe4b37d0cc08543"
                }
            },
            "resources": {
                "aws_instance.instance": {
                    "type": "aws_instance",
                    "depends_on": [
                        "aws_security_group.instance_sg"
                    ],
                    "primary": {
                        "id": "i-0dbd5e1df81f94d62",
                        "attributes": {
                            "ami": "ami-e4515e0e",
                            "associate_public_ip_address": "false",
                            "availability_zone": "eu-west-1c",
                            "cpu_core_count": "1",
                            "cpu_threads_per_core": "1",
                            "credit_specification.#": "1",
                            "credit_specification.0.cpu_credits": "standard",
                            "disable_api_termination": "true",
                            "ebs_block_device.#": "1",
                            "ebs_block_device.3905984573.delete_on_termination": "true",
                            "ebs_block_device.3905984573.device_name": "/dev/xvdb",
                            "ebs_block_device.3905984573.encrypted": "true",
                            "ebs_block_device.3905984573.iops": "100",
                            "ebs_block_device.3905984573.snapshot_id": "",
                            "ebs_block_device.3905984573.volume_id": "vol-01d87fa76da0753f6",
                            "ebs_block_device.3905984573.volume_size": "20",
                            "ebs_block_device.3905984573.volume_type": "gp2",
                            "ebs_optimized": "false",
                            "ephemeral_block_device.#": "0",
                            "get_password_data": "false",
                            "iam_instance_profile": "",
                            "id": "i-0dbd5e1df81f94d62",
                            "instance_state": "running",
                            "instance_type": "t2.micro",
                            "ipv6_addresses.#": "0",
                            "key_name": "ontk8s",
                            "monitoring": "false",
                            "network_interface.#": "0",
                            "network_interface_id": "eni-0cb43b62081a6ccbf",
                            "password_data": "",
                            "placement_group": "",
                            "primary_network_interface_id": "eni-0cb43b62081a6ccbf",
                            "private_dns": "ip-10-226-130-23.eu-west-1.compute.internal",
                            "private_ip": "10.226.130.23",
                            "public_dns": "",
                            "public_ip": "",
                            "root_block_device.#": "1",
                            "root_block_device.0.delete_on_termination": "true",
                            "root_block_device.0.iops": "300",
                            "root_block_device.0.volume_id": "vol-021ddb427e5b69697",
                            "root_block_device.0.volume_size": "100",
                            "root_block_device.0.volume_type": "gp2",
                            "security_groups.#": "0",
                            "source_dest_check": "true",
                            "subnet_id": "subnet-06004cf4c2101e422",
                            "tags.%": "3",
                            "tags.Name": "Terra1",
                            "tags.environment": "test",
                            "tags.scheduler:ebs-snapshot": "False",
                            "tenancy": "default",
                            "user_data": "da39a3ee5e6b4b0d3255bfef95601890afd80709",
                            "volume_tags.%": "2",
                            "volume_tags.Name": "Terra1",
                            "volume_tags.environment": "test",
                            "vpc_security_group_ids.#": "1",
                            "vpc_security_group_ids.3962773531": "sg-0dbe4b37d0cc08543"
                        },
                        "meta": {
                            "e2bfb730-ecaa-11e6-8f88-34363bc7c4c0": {
                                "create": 600000000000,
                                "delete": 1200000000000,
                                "update": 600000000000
                            },
                            "schema_version": "1"
                        },
                        "tainted": false
                    },
                    "deposed": [],
                    "provider": "provider.aws"
                },
                "aws_security_group.instance_sg": {
                    "type": "aws_security_group",
                    "depends_on": [],
                    "primary": {
                        "id": "sg-0dbe4b37d0cc08543",
                        "attributes": {
                            "arn": "arn:aws:ec2:eu-west-1:593172035441:security-group/sg-0dbe4b37d0cc08543",
                            "description": "Terra1 security group",
                            "egress.#": "0",
                            "id": "sg-0dbe4b37d0cc08543",
                            "ingress.#": "0",
                            "name": "Terra1",
                            "owner_id": "593172035441",
                            "revoke_rules_on_delete": "false",
                            "tags.%": "2",
                            "tags.Name": "Terra1",
                            "tags.environment": "test",
                            "vpc_id": "vpc-0561a8d3d39a5c629"
                        },
                        "meta": {
                            "e2bfb730-ecaa-11e6-8f88-34363bc7c4c0": {
                                "create": 600000000000,
                                "delete": 600000000000
                            },
                            "schema_version": "1"
                        },
                        "tainted": false
                    },
                    "deposed": [],
                    "provider": "provider.aws"
                }
            },
            "depends_on": []
        }
    ]
}
